
Microsoft Visual Studio Solution File, Format Version 12.00
# Visual Studio 15
VisualStudioVersion = 15.0.28010.0
MinimumVisualStudioVersion = 10.0.40219.1
Project("{FAE04EC0-301F-11D3-BF4B-00C04F79EFBC}") = "QuanLyKhachSan", "QuanLyKhachSan\QuanLyKhachSan.csproj", "{EE7CC3BA-E80A-4212-879F-617E0B3D3A11}"
EndProject
Global
	GlobalSection(SolutionConfigurationPlatforms) = preSolution
		Debug|Any CPU = Debug|Any CPU
		Release|Any CPU = Release|Any CPU
	EndGlobalSection
	GlobalSection(ProjectConfigurationPlatforms) = postSolution
		{EE7CC3BA-E80A-4212-879F-617E0B3D3A11}.Debug|Any CPU.ActiveCfg = Debug|Any CPU
		{EE7CC3BA-E80A-4212-879F-617E0B3D3A11}.Debug|Any CPU.Build.0 = Debug|Any CPU
		{EE7CC3BA-E80A-4212-879F-617E0B3D3A11}.Release|Any CPU.ActiveCfg = Release|Any CPU
		{EE7CC3BA-E80A-4212-879F-617E0B3D3A11}.Release|Any CPU.Build.0 = Release|Any CPU
	EndGlobalSection
	GlobalSection(SolutionProperties) = preSolution
		HideSolutionNode = FALSE
	EndGlobalSection
	GlobalSection(ExtensibilityGlobals) = postSolution
		SolutionGuid = {520AFDDF-8CE2-48A4-B4B7-3DD98CED1ACF}
	EndGlobalSection
EndGlobal
